
Microsoft Visual Studio Solution File, Format Version 12.00
# Visual Studio Express 2012 for Windows Desktop
Project("{FAE04EC0-301F-11D3-BF4B-00C04F79EFBC}") = "Kanbanize", "Kanbanize\Kanbanize.csproj", "{A184B8DB-6B56-4D37-BC7E-4A5FAA74832B}"
EndProject
Global
	GlobalSection(SolutionConfigurationPlatforms) = preSolution
		Debug|Any CPU = Debug|Any CPU
		Release|Any CPU = Release|Any CPU
	EndGlobalSection
	GlobalSection(ProjectConfigurationPlatforms) = postSolution
		{A184B8DB-6B56-4D37-BC7E-4A5FAA74832B}.Debug|Any CPU.ActiveCfg = Debug|Any CPU
		{A184B8DB-6B56-4D37-BC7E-4A5FAA74832B}.Debug|Any CPU.Build.0 = Debug|Any CPU
		{A184B8DB-6B56-4D37-BC7E-4A5FAA74832B}.Release|Any CPU.ActiveCfg = Release|Any CPU
		{A184B8DB-6B56-4D37-BC7E-4A5FAA74832B}.Release|Any CPU.Build.0 = Release|Any CPU
	EndGlobalSection
	GlobalSection(SolutionProperties) = preSolution
		HideSolutionNode = FALSE
	EndGlobalSection
EndGlobal
